// !$*UTF8*$!
{
	archiveVersion = 1;
	classes = {
	};
	objectVersion = 46;
	objects = {

/* Begin PBXBuildFile section */
		18C2E3B119AE355100291A94 /* Foundation.framework in Frameworks */ = {isa = PBXBuildFile; fileRef = 18C2E3B019AE355100291A94 /* Foundation.framework */; };
		18C2E3B319AE355100291A94 /* CoreGraphics.framework in Frameworks */ = {isa = PBXBuildFile; fileRef = 18C2E3B219AE355100291A94 /* CoreGraphics.framework */; };
		18C2E3B519AE355100291A94 /* UIKit.framework in Frameworks */ = {isa = PBXBuildFile; fileRef = 18C2E3B419AE355100291A94 /* UIKit.framework */; };
		18C2E3BB19AE355100291A94 /* InfoPlist.strings in Resources */ = {isa = PBXBuildFile; fileRef = 18C2E3B919AE355100291A94 /* InfoPlist.strings */; };
		18C2E3BD19AE355100291A94 /* main.m in Sources */ = {isa = PBXBuildFile; fileRef = 18C2E3BC19AE355100291A94 /* main.m */; };
		18C2E3C119AE355100291A94 /* AppDelegate.m in Sources */ = {isa = PBXBuildFile; fileRef = 18C2E3C019AE355100291A94 /* AppDelegate.m */; };
		18C2E3C419AE355100291A94 /* Main.storyboard in Resources */ = {isa = PBXBuildFile; fileRef = 18C2E3C219AE355100291A94 /* Main.storyboard */; };
		18C2E3C719AE355100291A94 /* ViewController.m in Sources */ = {isa = PBXBuildFile; fileRef = 18C2E3C619AE355100291A94 /* ViewController.m */; };
		18C2E3C919AE355100291A94 /* Images.xcassets in Resources */ = {isa = PBXBuildFile; fileRef = 18C2E3C819AE355100291A94 /* Images.xcassets */; };
		18C2E3D019AE355100291A94 /* XCTest.framework in Frameworks */ = {isa = PBXBuildFile; fileRef = 18C2E3CF19AE355100291A94 /* XCTest.framework */; };
		18C2E3D119AE355100291A94 /* Foundation.framework in Frameworks */ = {isa = PBXBuildFile; fileRef = 18C2E3B019AE355100291A94 /* Foundation.framework */; };
		18C2E3D219AE355100291A94 /* UIKit.framework in Frameworks */ = {isa = PBXBuildFile; fileRef = 18C2E3B419AE355100291A94 /* UIKit.framework */; };
		18C2E3DA19AE355100291A94 /* InfoPlist.strings in Resources */ = {isa = PBXBuildFile; fileRef = 18C2E3D819AE355100291A94 /* InfoPlist.strings */; };
		18C2E3DC19AE355100291A94 /* MyLRUTests.m in Sources */ = {isa = PBXBuildFile; fileRef = 18C2E3DB19AE355100291A94 /* MyLRUTests.m */; };
		18C2E3E919AE35BE00291A94 /* RicCache.m in Sources */ = {isa = PBXBuildFile; fileRef = 18C2E3E819AE35BE00291A94 /* RicCache.m */; };
		18C2E3EA19AE35BE00291A94 /* RicCache.m in Sources */ = {isa = PBXBuildFile; fileRef = 18C2E3E819AE35BE00291A94 /* RicCache.m */; };
/* End PBXBuildFile section */

/* Begin PBXContainerItemProxy section */
		18C2E3D319AE355100291A94 /* PBXContainerItemProxy */ = {
			isa = PBXContainerItemProxy;
			containerPortal = 18C2E3A519AE355100291A94 /* Project object */;
			proxyType = 1;
			remoteGlobalIDString = 18C2E3AC19AE355100291A94;
			remoteInfo = MyLRU;
		};
/* End PBXContainerItemProxy section */

/* Begin PBXFileReference section */
		18C2E3AD19AE355100291A94 /* MyLRU.app */ = {isa = PBXFileReference; explicitFileType = wrapper.application; includeInIndex = 0; path = MyLRU.app; sourceTree = BUILT_PRODUCTS_DIR; };
		18C2E3B019AE355100291A94 /* Foundation.framework */ = {isa = PBXFileReference; lastKnownFileType = wrapper.framework; name = Foundation.framework; path = System/Library/Frameworks/Foundation.framework; sourceTree = SDKROOT; };
		18C2E3B219AE355100291A94 /* CoreGraphics.framework */ = {isa = PBXFileReference; lastKnownFileType = wrapper.framework; name = CoreGraphics.framework; path = System/Library/Frameworks/CoreGraphics.framework; sourceTree = SDKROOT; };
		18C2E3B419AE355100291A94 /* UIKit.framework */ = {isa = PBXFileReference; lastKnownFileType = wrapper.framework; name = UIKit.framework; path = System/Library/Frameworks/UIKit.framework; sourceTree = SDKROOT; };
		18C2E3B819AE355100291A94 /* MyLRU-Info.plist */ = {isa = PBXFileReference; lastKnownFileType = text.plist.xml; path = "MyLRU-Info.plist"; sourceTree = "<group>"; };
		18C2E3BA19AE355100291A94 /* en */ = {isa = PBXFileReference; lastKnownFileType = text.plist.strings; name = en; path = en.lproj/InfoPlist.strings; sourceTree = "<group>"; };
		18C2E3BC19AE355100291A94 /* main.m */ = {isa = PBXFileReference; lastKnownFileType = sourcecode.c.objc; path = main.m; sourceTree = "<group>"; };
		18C2E3BE19AE355100291A94 /* MyLRU-Prefix.pch */ = {isa = PBXFileReference; lastKnownFileType = sourcecode.c.h; path = "MyLRU-Prefix.pch"; sourceTree = "<group>"; };
		18C2E3BF19AE355100291A94 /* AppDelegate.h */ = {isa = PBXFileReference; lastKnownFileType = sourcecode.c.h; path = AppDelegate.h; sourceTree = "<group>"; };
		18C2E3C019AE355100291A94 /* AppDelegate.m */ = {isa = PBXFileReference; lastKnownFileType = sourcecode.c.objc; path = AppDelegate.m; sourceTree = "<group>"; };
		18C2E3C319AE355100291A94 /* Base */ = {isa = PBXFileReference; lastKnownFileType = file.storyboard; name = Base; path = Base.lproj/Main.storyboard; sourceTree = "<group>"; };
		18C2E3C519AE355100291A94 /* ViewController.h */ = {isa = PBXFileReference; lastKnownFileType = sourcecode.c.h; path = ViewController.h; sourceTree = "<group>"; };
		18C2E3C619AE355100291A94 /* ViewController.m */ = {isa = PBXFileReference; lastKnownFileType = sourcecode.c.objc; path = ViewController.m; sourceTree = "<group>"; };
		18C2E3C819AE355100291A94 /* Images.xcassets */ = {isa = PBXFileReference; lastKnownFileType = folder.assetcatalog; path = Images.xcassets; sourceTree = "<group>"; };
		18C2E3CE19AE355100291A94 /* MyLRUTests.xctest */ = {isa = PBXFileReference; explicitFileType = wrapper.cfbundle; includeInIndex = 0; path = MyLRUTests.xctest; sourceTree = BUILT_PRODUCTS_DIR; };
		18C2E3CF19AE355100291A94 /* XCTest.framework */ = {isa = PBXFileReference; lastKnownFileType = wrapper.framework; name = XCTest.framework; path = Library/Frameworks/XCTest.framework; sourceTree = DEVELOPER_DIR; };
		18C2E3D719AE355100291A94 /* MyLRUTests-Info.plist */ = {isa = PBXFileReference; lastKnownFileType = text.plist.xml; path = "MyLRUTests-Info.plist"; sourceTree = "<group>"; };
		18C2E3D919AE355100291A94 /* en */ = {isa = PBXFileReference; lastKnownFileType = text.plist.strings; name = en; path = en.lproj/InfoPlist.strings; sourceTree = "<group>"; };
		18C2E3DB19AE355100291A94 /* MyLRUTests.m */ = {isa = PBXFileReference; lastKnownFileType = sourcecode.c.objc; path = MyLRUTests.m; sourceTree = "<group>"; };
		18C2E3E719AE35BE00291A94 /* RicCache.h */ = {isa = PBXFileReference; fileEncoding = 4; lastKnownFileType = sourcecode.c.h; path = RicCache.h; sourceTree = "<group>"; };
		18C2E3E819AE35BE00291A94 /* RicCache.m */ = {isa = PBXFileReference; fileEncoding = 4; lastKnownFileType = sourcecode.c.objc; path = RicCache.m; sourceTree = "<group>"; };
/* End PBXFileReference section */

/* Begin PBXFrameworksBuildPhase section */
		18C2E3AA19AE355100291A94 /* Frameworks */ = {
			isa = PBXFrameworksBuildPhase;
			buildActionMask = 2147483647;
			files = (
				18C2E3B319AE355100291A94 /* CoreGraphics.framework in Frameworks */,
				18C2E3B519AE355100291A94 /* UIKit.framework in Frameworks */,
				18C2E3B119AE355100291A94 /* Foundation.framework in Frameworks */,
			);
			runOnlyForDeploymentPostprocessing = 0;
		};
		18C2E3CB19AE355100291A94 /* Frameworks */ = {
			isa = PBXFrameworksBuildPhase;
			buildActionMask = 2147483647;
			files = (
				18C2E3D019AE355100291A94 /* XCTest.framework in Frameworks */,
				18C2E3D219AE355100291A94 /* UIKit.framework in Frameworks */,
				18C2E3D119AE355100291A94 /* Foundation.framework in Frameworks */,
			);
			runOnlyForDeploymentPostprocessing = 0;
		};
/* End PBXFrameworksBuildPhase section */

/* Begin PBXGroup section */
		18C2E3A419AE355100291A94 = {
			isa = PBXGroup;
			children = (
				18C2E3B619AE355100291A94 /* MyLRU */,
				18C2E3D519AE355100291A94 /* MyLRUTests */,
				18C2E3AF19AE355100291A94 /* Frameworks */,
				18C2E3AE19AE355100291A94 /* Products */,
			);
			sourceTree = "<group>";
		};
		18C2E3AE19AE355100291A94 /* Products */ = {
			isa = PBXGroup;
			children = (
				18C2E3AD19AE355100291A94 /* MyLRU.app */,
				18C2E3CE19AE355100291A94 /* MyLRUTests.xctest */,
			);
			name = Products;
			sourceTree = "<group>";
		};
		18C2E3AF19AE355100291A94 /* Frameworks */ = {
			isa = PBXGroup;
			children = (
				18C2E3B019AE355100291A94 /* Foundation.framework */,
				18C2E3B219AE355100291A94 /* CoreGraphics.framework */,
				18C2E3B419AE355100291A94 /* UIKit.framework */,
				18C2E3CF19AE355100291A94 /* XCTest.framework */,
			);
			name = Frameworks;
			sourceTree = "<group>";
		};
		18C2E3B619AE355100291A94 /* MyLRU */ = {
			isa = PBXGroup;
			children = (
				18C2E3E519AE355A00291A94 /* App Delegate */,
				18C2E3E619AE357300291A94 /* View Controller */,
				18C2E3EB19AE35D700291A94 /* RicCache */,
				18C2E3C819AE355100291A94 /* Images.xcassets */,
				18C2E3B719AE355100291A94 /* Supporting Files */,
				18C2E3C219AE355100291A94 /* Main.storyboard */,
			);
			path = MyLRU;
			sourceTree = "<group>";
		};
		18C2E3B719AE355100291A94 /* Supporting Files */ = {
			isa = PBXGroup;
			children = (
				18C2E3B819AE355100291A94 /* MyLRU-Info.plist */,
				18C2E3B919AE355100291A94 /* InfoPlist.strings */,
				18C2E3BC19AE355100291A94 /* main.m */,
				18C2E3BE19AE355100291A94 /* MyLRU-Prefix.pch */,
			);
			name = "Supporting Files";
			sourceTree = "<group>";
		};
		18C2E3D519AE355100291A94 /* MyLRUTests */ = {
			isa = PBXGroup;
			children = (
				18C2E3DB19AE355100291A94 /* MyLRUTests.m */,
				18C2E3D619AE355100291A94 /* Supporting Files */,
			);
			path = MyLRUTests;
			sourceTree = "<group>";
		};
		18C2E3D619AE355100291A94 /* Supporting Files */ = {
			isa = PBXGroup;
			children = (
				18C2E3D719AE355100291A94 /* MyLRUTests-Info.plist */,
				18C2E3D819AE355100291A94 /* InfoPlist.strings */,
			);
			name = "Supporting Files";
			sourceTree = "<group>";
		};
		18C2E3E519AE355A00291A94 /* App Delegate */ = {
			isa = PBXGroup;
			children = (
				18C2E3BF19AE355100291A94 /* AppDelegate.h */,
				18C2E3C019AE355100291A94 /* AppDelegate.m */,
			);
			name = "App Delegate";
			sourceTree = "<group>";
		};
		18C2E3E619AE357300291A94 /* View Controller */ = {
			isa = PBXGroup;
			children = (
				18C2E3C519AE355100291A94 /* ViewController.h */,
				18C2E3C619AE355100291A94 /* ViewController.m */,
			);
			name = "View Controller";
			sourceTree = "<group>";
		};
		18C2E3EB19AE35D700291A94 /* RicCache */ = {
			isa = PBXGroup;
			children = (
				18C2E3E719AE35BE00291A94 /* RicCache.h */,
				18C2E3E819AE35BE00291A94 /* RicCache.m */,
			);
			name = RicCache;
			path = ..;
			sourceTree = "<group>";
		};
/* End PBXGroup section */

/* Begin PBXNativeTarget section */
		18C2E3AC19AE355100291A94 /* MyLRU */ = {
			isa = PBXNativeTarget;
			buildConfigurationList = 18C2E3DF19AE355100291A94 /* Build configuration list for PBXNativeTarget "MyLRU" */;
			buildPhases = (
				18C2E3A919AE355100291A94 /* Sources */,
				18C2E3AA19AE355100291A94 /* Frameworks */,
				18C2E3AB19AE355100291A94 /* Resources */,
			);
			buildRules = (
			);
			dependencies = (
			);
			name = MyLRU;
			productName = MyLRU;
			productReference = 18C2E3AD19AE355100291A94 /* MyLRU.app */;
			productType = "com.apple.product-type.application";
		};
		18C2E3CD19AE355100291A94 /* MyLRUTests */ = {
			isa = PBXNativeTarget;
			buildConfigurationList = 18C2E3E219AE355100291A94 /* Build configuration list for PBXNativeTarget "MyLRUTests" */;
			buildPhases = (
				18C2E3CA19AE355100291A94 /* Sources */,
				18C2E3CB19AE355100291A94 /* Frameworks */,
				18C2E3CC19AE355100291A94 /* Resources */,
			);
			buildRules = (
			);
			dependencies = (
				18C2E3D419AE355100291A94 /* PBXTargetDependency */,
			);
			name = MyLRUTests;
			productName = MyLRUTests;
			productReference = 18C2E3CE19AE355100291A94 /* MyLRUTests.xctest */;
			productType = "com.apple.product-type.bundle.unit-test";
		};
/* End PBXNativeTarget section */

/* Begin PBXProject section */
		18C2E3A519AE355100291A94 /* Project object */ = {
			isa = PBXProject;
			attributes = {
				LastUpgradeCheck = 0510;
				ORGANIZATIONNAME = "Amourine Technologies";
				TargetAttributes = {
					18C2E3CD19AE355100291A94 = {
						TestTargetID = 18C2E3AC19AE355100291A94;
					};
				};
			};
			buildConfigurationList = 18C2E3A819AE355100291A94 /* Build configuration list for PBXProject "MyLRU" */;
			compatibilityVersion = "Xcode 3.2";
			developmentRegion = English;
			hasScannedForEncodings = 0;
			knownRegions = (
				en,
				Base,
			);
			mainGroup = 18C2E3A419AE355100291A94;
			productRefGroup = 18C2E3AE19AE355100291A94 /* Products */;
			projectDirPath = "";
			projectRoot = "";
			targets = (
				18C2E3AC19AE355100291A94 /* MyLRU */,
				18C2E3CD19AE355100291A94 /* MyLRUTests */,
			);
		};
/* End PBXProject section */

/* Begin PBXResourcesBuildPhase section */
		18C2E3AB19AE355100291A94 /* Resources */ = {
			isa = PBXResourcesBuildPhase;
			buildActionMask = 2147483647;
			files = (
				18C2E3C919AE355100291A94 /* Images.xcassets in Resources */,
				18C2E3BB19AE355100291A94 /* InfoPlist.strings in Resources */,
				18C2E3C419AE355100291A94 /* Main.storyboard in Resources */,
			);
			runOnlyForDeploymentPostprocessing = 0;
		};
		18C2E3CC19AE355100291A94 /* Resources */ = {
			isa = PBXResourcesBuildPhase;
			buildActionMask = 2147483647;
			files = (
				18C2E3DA19AE355100291A94 /* InfoPlist.strings in Resources */,
			);
			runOnlyForDeploymentPostprocessing = 0;
		};
/* End PBXResourcesBuildPhase section */

/* Begin PBXSourcesBuildPhase section */
		18C2E3A919AE355100291A94 /* Sources */ = {
			isa = PBXSourcesBuildPhase;
			buildActionMask = 2147483647;
			files = (
				18C2E3C719AE355100291A94 /* ViewController.m in Sources */,
				18C2E3C119AE355100291A94 /* AppDelegate.m in Sources */,
				18C2E3BD19AE355100291A94 /* main.m in Sources */,
				18C2E3E919AE35BE00291A94 /* RicCache.m in Sources */,
			);
			runOnlyForDeploymentPostprocessing = 0;
		};
		18C2E3CA19AE355100291A94 /* Sources */ = {
			isa = PBXSourcesBuildPhase;
			buildActionMask = 2147483647;
			files = (
				18C2E3DC19AE355100291A94 /* MyLRUTests.m in Sources */,
				18C2E3EA19AE35BE00291A94 /* RicCache.m in Sources */,
			);
			runOnlyForDeploymentPostprocessing = 0;
		};
/* End PBXSourcesBuildPhase section */

/* Begin PBXTargetDependency section */
		18C2E3D419AE355100291A94 /* PBXTargetDependency */ = {
			isa = PBXTargetDependency;
			target = 18C2E3AC19AE355100291A94 /* MyLRU */;
			targetProxy = 18C2E3D319AE355100291A94 /* PBXContainerItemProxy */;
		};
/* End PBXTargetDependency section */

/* Begin PBXVariantGroup section */
		18C2E3B919AE355100291A94 /* InfoPlist.strings */ = {
			isa = PBXVariantGroup;
			children = (
				18C2E3BA19AE355100291A94 /* en */,
			);
			name = InfoPlist.strings;
			sourceTree = "<group>";
		};
		18C2E3C219AE355100291A94 /* Main.storyboard */ = {
			isa = PBXVariantGroup;
			children = (
				18C2E3C319AE355100291A94 /* Base */,
			);
			name = Main.storyboard;
			sourceTree = "<group>";
		};
		18C2E3D819AE355100291A94 /* InfoPlist.strings */ = {
			isa = PBXVariantGroup;
			children = (
				18C2E3D919AE355100291A94 /* en */,
			);
			name = InfoPlist.strings;
			sourceTree = "<group>";
		};
/* End PBXVariantGroup section */

/* Begin XCBuildConfiguration section */
		18C2E3DD19AE355100291A94 /* Debug */ = {
			isa = XCBuildConfiguration;
			buildSettings = {
				ALWAYS_SEARCH_USER_PATHS = NO;
				CLANG_CXX_LANGUAGE_STANDARD = "gnu++0x";
				CLANG_CXX_LIBRARY = "libc++";
				CLANG_ENABLE_MODULES = YES;
				CLANG_ENABLE_OBJC_ARC = YES;
				CLANG_WARN_BOOL_CONVERSION = YES;
				CLANG_WARN_CONSTANT_CONVERSION = YES;
				CLANG_WARN_DIRECT_OBJC_ISA_USAGE = YES_ERROR;
				CLANG_WARN_EMPTY_BODY = YES;
				CLANG_WARN_ENUM_CONVERSION = YES;
				CLANG_WARN_INT_CONVERSION = YES;
				CLANG_WARN_OBJC_ROOT_CLASS = YES_ERROR;
				CLANG_WARN__DUPLICATE_METHOD_MATCH = YES;
				"CODE_SIGN_IDENTITY[sdk=iphoneos*]" = "iPhone Developer";
				COPY_PHASE_STRIP = NO;
				GCC_C_LANGUAGE_STANDARD = gnu99;
				GCC_DYNAMIC_NO_PIC = NO;
				GCC_OPTIMIZATION_LEVEL = 0;
				GCC_PREPROCESSOR_DEFINITIONS = (
					"DEBUG=1",
					"$(inherited)",
				);
				GCC_SYMBOLS_PRIVATE_EXTERN = NO;
				GCC_WARN_64_TO_32_BIT_CONVERSION = YES;
				GCC_WARN_ABOUT_RETURN_TYPE = YES_ERROR;
				GCC_WARN_UNDECLARED_SELECTOR = YES;
				GCC_WARN_UNINITIALIZED_AUTOS = YES_AGGRESSIVE;
				GCC_WARN_UNUSED_FUNCTION = YES;
				GCC_WARN_UNUSED_VARIABLE = YES;
				IPHONEOS_DEPLOYMENT_TARGET = 7.1;
				ONLY_ACTIVE_ARCH = YES;
				SDKROOT = iphoneos;
			};
			name = Debug;
		};
		18C2E3DE19AE355100291A94 /* Release */ = {
			isa = XCBuildConfiguration;
			buildSettings = {
				ALWAYS_SEARCH_USER_PATHS = NO;
				CLANG_CXX_LANGUAGE_STANDARD = "gnu++0x";
				CLANG_CXX_LIBRARY = "libc++";
				CLANG_ENABLE_MODULES = YES;
				CLANG_ENABLE_OBJC_ARC = YES;
				CLANG_WARN_BOOL_CONVERSION = YES;
				CLANG_WARN_CONSTANT_CONVERSION = YES;
				CLANG_WARN_DIRECT_OBJC_ISA_USAGE = YES_ERROR;
				CLANG_WARN_EMPTY_BODY = YES;
				CLANG_WARN_ENUM_CONVERSION = YES;
				CLANG_WARN_INT_CONVERSION = YES;
				CLANG_WARN_OBJC_ROOT_CLASS = YES_ERROR;
				CLANG_WARN__DUPLICATE_METHOD_MATCH = YES;
				"CODE_SIGN_IDENTITY[sdk=iphoneos*]" = "iPhone Developer";
				COPY_PHASE_STRIP = YES;
				ENABLE_NS_ASSERTIONS = NO;
				GCC_C_LANGUAGE_STANDARD = gnu99;
				GCC_WARN_64_TO_32_BIT_CONVERSION = YES;
				GCC_WARN_ABOUT_RETURN_TYPE = YES_ERROR;
				GCC_WARN_UNDECLARED_SELECTOR = YES;
				GCC_WARN_UNINITIALIZED_AUTOS = YES_AGGRESSIVE;
				GCC_WARN_UNUSED_FUNCTION = YES;
				GCC_WARN_UNUSED_VARIABLE = YES;
				IPHONEOS_DEPLOYMENT_TARGET = 7.1;
				SDKROOT = iphoneos;
				VALIDATE_PRODUCT = YES;
			};
			name = Release;
		};
		18C2E3E019AE355100291A94 /* Debug */ = {
			isa = XCBuildConfiguration;
			buildSettings = {
				ASSETCATALOG_COMPILER_APPICON_NAME = AppIcon;
				ASSETCATALOG_COMPILER_LAUNCHIMAGE_NAME = LaunchImage;
				GCC_PRECOMPILE_PREFIX_HEADER = YES;
				GCC_PREFIX_HEADER = "MyLRU/MyLRU-Prefix.pch";
				INFOPLIST_FILE = "MyLRU/MyLRU-Info.plist";
				PRODUCT_NAME = "$(TARGET_NAME)";
				WRAPPER_EXTENSION = app;
			};
			name = Debug;
		};
		18C2E3E119AE355100291A94 /* Release */ = {
			isa = XCBuildConfiguration;
			buildSettings = {
				ASSETCATALOG_COMPILER_APPICON_NAME = AppIcon;
				ASSETCATALOG_COMPILER_LAUNCHIMAGE_NAME = LaunchImage;
				GCC_PRECOMPILE_PREFIX_HEADER = YES;
				GCC_PREFIX_HEADER = "MyLRU/MyLRU-Prefix.pch";
				INFOPLIST_FILE = "MyLRU/MyLRU-Info.plist";
				PRODUCT_NAME = "$(TARGET_NAME)";
				WRAPPER_EXTENSION = app;
			};
			name = Release;
		};
		18C2E3E319AE355100291A94 /* Debug */ = {
			isa = XCBuildConfiguration;
			buildSettings = {
				BUNDLE_LOADER = "$(BUILT_PRODUCTS_DIR)/MyLRU.app/MyLRU";
				FRAMEWORK_SEARCH_PATHS = (
					"$(SDKROOT)/Developer/Library/Frameworks",
					"$(inherited)",
					"$(DEVELOPER_FRAMEWORKS_DIR)",
				);
				GCC_PRECOMPILE_PREFIX_HEADER = YES;
				GCC_PREFIX_HEADER = "MyLRU/MyLRU-Prefix.pch";
				GCC_PREPROCESSOR_DEFINITIONS = (
					"DEBUG=1",
					"$(inherited)",
				);
				INFOPLIST_FILE = "MyLRUTests/MyLRUTests-Info.plist";
				PRODUCT_NAME = "$(TARGET_NAME)";
				TEST_HOST = "$(BUNDLE_LOADER)";
				WRAPPER_EXTENSION = xctest;
			};
			name = Debug;
		};
		18C2E3E419AE355100291A94 /* Release */ = {
			isa = XCBuildConfiguration;
			buildSettings = {
				BUNDLE_LOADER = "$(BUILT_PRODUCTS_DIR)/MyLRU.app/MyLRU";
				FRAMEWORK_SEARCH_PATHS = (
					"$(SDKROOT)/Developer/Library/Frameworks",
					"$(inherited)",
					"$(DEVELOPER_FRAMEWORKS_DIR)",
				);
				GCC_PRECOMPILE_PREFIX_HEADER = YES;
				GCC_PREFIX_HEADER = "MyLRU/MyLRU-Prefix.pch";
				INFOPLIST_FILE = "MyLRUTests/MyLRUTests-Info.plist";
				PRODUCT_NAME = "$(TARGET_NAME)";
				TEST_HOST = "$(BUNDLE_LOADER)";
				WRAPPER_EXTENSION = xctest;
			};
			name = Release;
		};
/* End XCBuildConfiguration section */

/* Begin XCConfigurationList section */
		18C2E3A819AE355100291A94 /* Build configuration list for PBXProject "MyLRU" */ = {
			isa = XCConfigurationList;
			buildConfigurations = (
				18C2E3DD19AE355100291A94 /* Debug */,
				18C2E3DE19AE355100291A94 /* Release */,
			);
			defaultConfigurationIsVisible = 0;
			defaultConfigurationName = Release;
		};
		18C2E3DF19AE355100291A94 /* Build configuration list for PBXNativeTarget "MyLRU" */ = {
			isa = XCConfigurationList;
			buildConfigurations = (
				18C2E3E019AE355100291A94 /* Debug */,
				18C2E3E119AE355100291A94 /* Release */,
			);
			defaultConfigurationIsVisible = 0;
		};
		18C2E3E219AE355100291A94 /* Build configuration list for PBXNativeTarget "MyLRUTests" */ = {
			isa = XCConfigurationList;
			buildConfigurations = (
				18C2E3E319AE355100291A94 /* Debug */,
				18C2E3E419AE355100291A94 /* Release */,
			);
			defaultConfigurationIsVisible = 0;
		};
/* End XCConfigurationList section */
	};
	rootObject = 18C2E3A519AE355100291A94 /* Project object */;
}
